
Microsoft Visual Studio Solution File, Format Version 12.00
# Visual Studio Version 17
VisualStudioVersion = 17.4.33213.308
MinimumVisualStudioVersion = 10.0.40219.1
Project("{FAE04EC0-301F-11D3-BF4B-00C04F79EFBC}") = "Day1LineComparison", "Day1LineComparison\Day1LineComparison.csproj", "{2B0E7C1C-3F42-4C98-90E1-0D553292C411}"
EndProject
Global
	GlobalSection(SolutionConfigurationPlatforms) = preSolution
		Debug|Any CPU = Debug|Any CPU
		Release|Any CPU = Release|Any CPU
	EndGlobalSection
	GlobalSection(ProjectConfigurationPlatforms) = postSolution
		{2B0E7C1C-3F42-4C98-90E1-0D553292C411}.Debug|Any CPU.ActiveCfg = Debug|Any CPU
		{2B0E7C1C-3F42-4C98-90E1-0D553292C411}.Debug|Any CPU.Build.0 = Debug|Any CPU
		{2B0E7C1C-3F42-4C98-90E1-0D553292C411}.Release|Any CPU.ActiveCfg = Release|Any CPU
		{2B0E7C1C-3F42-4C98-90E1-0D553292C411}.Release|Any CPU.Build.0 = Release|Any CPU
	EndGlobalSection
	GlobalSection(SolutionProperties) = preSolution
		HideSolutionNode = FALSE
	EndGlobalSection
	GlobalSection(ExtensibilityGlobals) = postSolution
		SolutionGuid = {62726DE5-CCA2-4B6E-B163-5910008F243E}
	EndGlobalSection
EndGlobal
